// !$*UTF8*$!
{
	archiveVersion = 1;
	classes = {
	};
	objectVersion = 46;
	objects = {

/* Begin PBXBuildFile section */
		2BD14ED638F62CCDF77710EB /* libPods-IdapChat.a in Frameworks */ = {isa = PBXBuildFile; fileRef = BEF9FAC9BD449DB72CB08E32 /* libPods-IdapChat.a */; };
		8AC943961D01D41200791FC8 /* main.m in Sources */ = {isa = PBXBuildFile; fileRef = 8AC943951D01D41200791FC8 /* main.m */; };
		8AC943B01D01D60300791FC8 /* AppDelegate.m in Sources */ = {isa = PBXBuildFile; fileRef = 8AC943AF1D01D60300791FC8 /* AppDelegate.m */; };
		8AC943B91D01D66B00791FC8 /* Assets.xcassets in Resources */ = {isa = PBXBuildFile; fileRef = 8AC943B21D01D66B00791FC8 /* Assets.xcassets */; };
		8AC943BA1D01D66B00791FC8 /* LaunchScreen.storyboard in Resources */ = {isa = PBXBuildFile; fileRef = 8AC943B51D01D66B00791FC8 /* LaunchScreen.storyboard */; };
		8AC943BB1D01D66B00791FC8 /* Main.storyboard in Resources */ = {isa = PBXBuildFile; fileRef = 8AC943B71D01D66B00791FC8 /* Main.storyboard */; };
/* End PBXBuildFile section */

/* Begin PBXFileReference section */
		8AC943911D01D41200791FC8 /* IdapChat.app */ = {isa = PBXFileReference; explicitFileType = wrapper.application; includeInIndex = 0; path = IdapChat.app; sourceTree = BUILT_PRODUCTS_DIR; };
		8AC943951D01D41200791FC8 /* main.m */ = {isa = PBXFileReference; lastKnownFileType = sourcecode.c.objc; path = main.m; sourceTree = "<group>"; };
		8AC943A51D01D41200791FC8 /* Info.plist */ = {isa = PBXFileReference; lastKnownFileType = text.plist.xml; path = Info.plist; sourceTree = "<group>"; };
		8AC943AE1D01D60300791FC8 /* AppDelegate.h */ = {isa = PBXFileReference; fileEncoding = 4; lastKnownFileType = sourcecode.c.h; path = AppDelegate.h; sourceTree = "<group>"; };
		8AC943AF1D01D60300791FC8 /* AppDelegate.m */ = {isa = PBXFileReference; fileEncoding = 4; lastKnownFileType = sourcecode.c.objc; path = AppDelegate.m; sourceTree = "<group>"; };
		8AC943B21D01D66B00791FC8 /* Assets.xcassets */ = {isa = PBXFileReference; lastKnownFileType = folder.assetcatalog; path = Assets.xcassets; sourceTree = "<group>"; };
		8AC943B61D01D66B00791FC8 /* Base */ = {isa = PBXFileReference; lastKnownFileType = file.storyboard; name = Base; path = Base.lproj/LaunchScreen.storyboard; sourceTree = "<group>"; };
		8AC943B81D01D66B00791FC8 /* Base */ = {isa = PBXFileReference; lastKnownFileType = file.storyboard; name = Base; path = Base.lproj/Main.storyboard; sourceTree = "<group>"; };
		BEF9FAC9BD449DB72CB08E32 /* libPods-IdapChat.a */ = {isa = PBXFileReference; explicitFileType = archive.ar; includeInIndex = 0; path = "libPods-IdapChat.a"; sourceTree = BUILT_PRODUCTS_DIR; };
		E08A4996CE3C1AE935EAEC56 /* Pods-IdapChat.debug.xcconfig */ = {isa = PBXFileReference; includeInIndex = 1; lastKnownFileType = text.xcconfig; name = "Pods-IdapChat.debug.xcconfig"; path = "Pods/Target Support Files/Pods-IdapChat/Pods-IdapChat.debug.xcconfig"; sourceTree = "<group>"; };
		E9072D4F905E768211F92B75 /* Pods-IdapChat.release.xcconfig */ = {isa = PBXFileReference; includeInIndex = 1; lastKnownFileType = text.xcconfig; name = "Pods-IdapChat.release.xcconfig"; path = "Pods/Target Support Files/Pods-IdapChat/Pods-IdapChat.release.xcconfig"; sourceTree = "<group>"; };
/* End PBXFileReference section */

/* Begin PBXFrameworksBuildPhase section */
		8AC9438E1D01D41200791FC8 /* Frameworks */ = {
			isa = PBXFrameworksBuildPhase;
			buildActionMask = 2147483647;
			files = (
				2BD14ED638F62CCDF77710EB /* libPods-IdapChat.a in Frameworks */,
			);
			runOnlyForDeploymentPostprocessing = 0;
		};
/* End PBXFrameworksBuildPhase section */

/* Begin PBXGroup section */
		3CAADD0B79077A0102042D72 /* Pods */ = {
			isa = PBXGroup;
			children = (
				E08A4996CE3C1AE935EAEC56 /* Pods-IdapChat.debug.xcconfig */,
				E9072D4F905E768211F92B75 /* Pods-IdapChat.release.xcconfig */,
			);
			name = Pods;
			sourceTree = "<group>";
		};
		47D8AD2834089D9348173AAF /* Frameworks */ = {
			isa = PBXGroup;
			children = (
				BEF9FAC9BD449DB72CB08E32 /* libPods-IdapChat.a */,
			);
			name = Frameworks;
			sourceTree = "<group>";
		};
		8AC943881D01D41200791FC8 = {
			isa = PBXGroup;
			children = (
				8AC943931D01D41200791FC8 /* IdapChat */,
				8AC943921D01D41200791FC8 /* Products */,
				3CAADD0B79077A0102042D72 /* Pods */,
				47D8AD2834089D9348173AAF /* Frameworks */,
			);
			sourceTree = "<group>";
		};
		8AC943921D01D41200791FC8 /* Products */ = {
			isa = PBXGroup;
			children = (
				8AC943911D01D41200791FC8 /* IdapChat.app */,
			);
			name = Products;
			sourceTree = "<group>";
		};
		8AC943931D01D41200791FC8 /* IdapChat */ = {
			isa = PBXGroup;
			children = (
				8AC943B11D01D66B00791FC8 /* Resources */,
				8AC943B31D01D66B00791FC8 /* Source */,
				8AC943AD1D01D60300791FC8 /* AppDelegate */,
				8AC943941D01D41200791FC8 /* Supporting Files */,
			);
			path = IdapChat;
			sourceTree = "<group>";
		};
		8AC943941D01D41200791FC8 /* Supporting Files */ = {
			isa = PBXGroup;
			children = (
				8AC943951D01D41200791FC8 /* main.m */,
				8AC943A51D01D41200791FC8 /* Info.plist */,
			);
			name = "Supporting Files";
			sourceTree = "<group>";
		};
		8AC943AD1D01D60300791FC8 /* AppDelegate */ = {
			isa = PBXGroup;
			children = (
				8AC943AE1D01D60300791FC8 /* AppDelegate.h */,
				8AC943AF1D01D60300791FC8 /* AppDelegate.m */,
			);
			path = AppDelegate;
			sourceTree = "<group>";
		};
		8AC943B11D01D66B00791FC8 /* Resources */ = {
			isa = PBXGroup;
			children = (
				8AC943B21D01D66B00791FC8 /* Assets.xcassets */,
			);
			path = Resources;
			sourceTree = "<group>";
		};
		8AC943B31D01D66B00791FC8 /* Source */ = {
			isa = PBXGroup;
			children = (
				8AC943B41D01D66B00791FC8 /* UI */,
			);
			path = Source;
			sourceTree = "<group>";
		};
		8AC943B41D01D66B00791FC8 /* UI */ = {
			isa = PBXGroup;
			children = (
				8AC943B51D01D66B00791FC8 /* LaunchScreen.storyboard */,
				8AC943B71D01D66B00791FC8 /* Main.storyboard */,
			);
			path = UI;
			sourceTree = "<group>";
		};
/* End PBXGroup section */

/* Begin PBXNativeTarget section */
		8AC943901D01D41200791FC8 /* IdapChat */ = {
			isa = PBXNativeTarget;
			buildConfigurationList = 8AC943A81D01D41200791FC8 /* Build configuration list for PBXNativeTarget "IdapChat" */;
			buildPhases = (
				40C70402FC0010D38D4B0A9A /* 📦 Check Pods Manifest.lock */,
				8AC9438D1D01D41200791FC8 /* Sources */,
				8AC9438E1D01D41200791FC8 /* Frameworks */,
				8AC9438F1D01D41200791FC8 /* Resources */,
				1F74B63E8E8C48C74F734AD8 /* 📦 Embed Pods Frameworks */,
				579419E6E5590B460D7E0AF5 /* 📦 Copy Pods Resources */,
			);
			buildRules = (
			);
			dependencies = (
			);
			name = IdapChat;
			productName = IdapChat;
			productReference = 8AC943911D01D41200791FC8 /* IdapChat.app */;
			productType = "com.apple.product-type.application";
		};
/* End PBXNativeTarget section */

/* Begin PBXProject section */
		8AC943891D01D41200791FC8 /* Project object */ = {
			isa = PBXProject;
			attributes = {
				LastUpgradeCheck = 0730;
				ORGANIZATIONNAME = IDAP;
				TargetAttributes = {
					8AC943901D01D41200791FC8 = {
						CreatedOnToolsVersion = 7.3.1;
					};
				};
			};
			buildConfigurationList = 8AC9438C1D01D41200791FC8 /* Build configuration list for PBXProject "IdapChat" */;
			compatibilityVersion = "Xcode 3.2";
			developmentRegion = English;
			hasScannedForEncodings = 0;
			knownRegions = (
				en,
				Base,
			);
			mainGroup = 8AC943881D01D41200791FC8;
			productRefGroup = 8AC943921D01D41200791FC8 /* Products */;
			projectDirPath = "";
			projectRoot = "";
			targets = (
				8AC943901D01D41200791FC8 /* IdapChat */,
			);
		};
/* End PBXProject section */

/* Begin PBXResourcesBuildPhase section */
		8AC9438F1D01D41200791FC8 /* Resources */ = {
			isa = PBXResourcesBuildPhase;
			buildActionMask = 2147483647;
			files = (
				8AC943BA1D01D66B00791FC8 /* LaunchScreen.storyboard in Resources */,
				8AC943B91D01D66B00791FC8 /* Assets.xcassets in Resources */,
				8AC943BB1D01D66B00791FC8 /* Main.storyboard in Resources */,
			);
			runOnlyForDeploymentPostprocessing = 0;
		};
/* End PBXResourcesBuildPhase section */

/* Begin PBXShellScriptBuildPhase section */
		1F74B63E8E8C48C74F734AD8 /* 📦 Embed Pods Frameworks */ = {
			isa = PBXShellScriptBuildPhase;
			buildActionMask = 2147483647;
			files = (
			);
			inputPaths = (
			);
			name = "📦 Embed Pods Frameworks";
			outputPaths = (
			);
			runOnlyForDeploymentPostprocessing = 0;
			shellPath = /bin/sh;
			shellScript = "\"${SRCROOT}/Pods/Target Support Files/Pods-IdapChat/Pods-IdapChat-frameworks.sh\"\n";
			showEnvVarsInLog = 0;
		};
		40C70402FC0010D38D4B0A9A /* 📦 Check Pods Manifest.lock */ = {
			isa = PBXShellScriptBuildPhase;
			buildActionMask = 2147483647;
			files = (
			);
			inputPaths = (
			);
			name = "📦 Check Pods Manifest.lock";
			outputPaths = (
			);
			runOnlyForDeploymentPostprocessing = 0;
			shellPath = /bin/sh;
			shellScript = "diff \"${PODS_ROOT}/../Podfile.lock\" \"${PODS_ROOT}/Manifest.lock\" > /dev/null\nif [[ $? != 0 ]] ; then\n    cat << EOM\nerror: The sandbox is not in sync with the Podfile.lock. Run 'pod install' or update your CocoaPods installation.\nEOM\n    exit 1\nfi\n";
			showEnvVarsInLog = 0;
		};
		579419E6E5590B460D7E0AF5 /* 📦 Copy Pods Resources */ = {
			isa = PBXShellScriptBuildPhase;
			buildActionMask = 2147483647;
			files = (
			);
			inputPaths = (
			);
			name = "📦 Copy Pods Resources";
			outputPaths = (
			);
			runOnlyForDeploymentPostprocessing = 0;
			shellPath = /bin/sh;
			shellScript = "\"${SRCROOT}/Pods/Target Support Files/Pods-IdapChat/Pods-IdapChat-resources.sh\"\n";
			showEnvVarsInLog = 0;
		};
/* End PBXShellScriptBuildPhase section */

/* Begin PBXSourcesBuildPhase section */
		8AC9438D1D01D41200791FC8 /* Sources */ = {
			isa = PBXSourcesBuildPhase;
			buildActionMask = 2147483647;
			files = (
				8AC943961D01D41200791FC8 /* main.m in Sources */,
				8AC943B01D01D60300791FC8 /* AppDelegate.m in Sources */,
			);
			runOnlyForDeploymentPostprocessing = 0;
		};
/* End PBXSourcesBuildPhase section */

/* Begin PBXVariantGroup section */
		8AC943B51D01D66B00791FC8 /* LaunchScreen.storyboard */ = {
			isa = PBXVariantGroup;
			children = (
				8AC943B61D01D66B00791FC8 /* Base */,
			);
			name = LaunchScreen.storyboard;
			sourceTree = "<group>";
		};
		8AC943B71D01D66B00791FC8 /* Main.storyboard */ = {
			isa = PBXVariantGroup;
			children = (
				8AC943B81D01D66B00791FC8 /* Base */,
			);
			name = Main.storyboard;
			sourceTree = "<group>";
		};
/* End PBXVariantGroup section */

/* Begin XCBuildConfiguration section */
		8AC943A61D01D41200791FC8 /* Debug */ = {
			isa = XCBuildConfiguration;
			buildSettings = {
				ALWAYS_SEARCH_USER_PATHS = NO;
				CLANG_ANALYZER_NONNULL = YES;
				CLANG_CXX_LANGUAGE_STANDARD = "gnu++0x";
				CLANG_CXX_LIBRARY = "libc++";
				CLANG_ENABLE_MODULES = YES;
				CLANG_ENABLE_OBJC_ARC = YES;
				CLANG_WARN_BOOL_CONVERSION = YES;
				CLANG_WARN_CONSTANT_CONVERSION = YES;
				CLANG_WARN_DIRECT_OBJC_ISA_USAGE = YES_ERROR;
				CLANG_WARN_EMPTY_BODY = YES;
				CLANG_WARN_ENUM_CONVERSION = YES;
				CLANG_WARN_INT_CONVERSION = YES;
				CLANG_WARN_OBJC_ROOT_CLASS = YES_ERROR;
				CLANG_WARN_UNREACHABLE_CODE = YES;
				CLANG_WARN__DUPLICATE_METHOD_MATCH = YES;
				"CODE_SIGN_IDENTITY[sdk=iphoneos*]" = "iPhone Developer";
				COPY_PHASE_STRIP = NO;
				DEBUG_INFORMATION_FORMAT = dwarf;
				ENABLE_STRICT_OBJC_MSGSEND = YES;
				ENABLE_TESTABILITY = YES;
				GCC_C_LANGUAGE_STANDARD = gnu99;
				GCC_DYNAMIC_NO_PIC = NO;
				GCC_NO_COMMON_BLOCKS = YES;
				GCC_OPTIMIZATION_LEVEL = 0;
				GCC_PREPROCESSOR_DEFINITIONS = (
					"DEBUG=1",
					"$(inherited)",
				);
				GCC_WARN_64_TO_32_BIT_CONVERSION = YES;
				GCC_WARN_ABOUT_RETURN_TYPE = YES_ERROR;
				GCC_WARN_UNDECLARED_SELECTOR = YES;
				GCC_WARN_UNINITIALIZED_AUTOS = YES_AGGRESSIVE;
				GCC_WARN_UNUSED_FUNCTION = YES;
				GCC_WARN_UNUSED_VARIABLE = YES;
				IPHONEOS_DEPLOYMENT_TARGET = 9.3;
				MTL_ENABLE_DEBUG_INFO = YES;
				ONLY_ACTIVE_ARCH = YES;
				SDKROOT = iphoneos;
				TARGETED_DEVICE_FAMILY = "1,2";
			};
			name = Debug;
		};
		8AC943A71D01D41200791FC8 /* Release */ = {
			isa = XCBuildConfiguration;
			buildSettings = {
				ALWAYS_SEARCH_USER_PATHS = NO;
				CLANG_ANALYZER_NONNULL = YES;
				CLANG_CXX_LANGUAGE_STANDARD = "gnu++0x";
				CLANG_CXX_LIBRARY = "libc++";
				CLANG_ENABLE_MODULES = YES;
				CLANG_ENABLE_OBJC_ARC = YES;
				CLANG_WARN_BOOL_CONVERSION = YES;
				CLANG_WARN_CONSTANT_CONVERSION = YES;
				CLANG_WARN_DIRECT_OBJC_ISA_USAGE = YES_ERROR;
				CLANG_WARN_EMPTY_BODY = YES;
				CLANG_WARN_ENUM_CONVERSION = YES;
				CLANG_WARN_INT_CONVERSION = YES;
				CLANG_WARN_OBJC_ROOT_CLASS = YES_ERROR;
				CLANG_WARN_UNREACHABLE_CODE = YES;
				CLANG_WARN__DUPLICATE_METHOD_MATCH = YES;
				"CODE_SIGN_IDENTITY[sdk=iphoneos*]" = "iPhone Developer";
				COPY_PHASE_STRIP = NO;
				DEBUG_INFORMATION_FORMAT = "dwarf-with-dsym";
				ENABLE_NS_ASSERTIONS = NO;
				ENABLE_STRICT_OBJC_MSGSEND = YES;
				GCC_C_LANGUAGE_STANDARD = gnu99;
				GCC_NO_COMMON_BLOCKS = YES;
				GCC_WARN_64_TO_32_BIT_CONVERSION = YES;
				GCC_WARN_ABOUT_RETURN_TYPE = YES_ERROR;
				GCC_WARN_UNDECLARED_SELECTOR = YES;
				GCC_WARN_UNINITIALIZED_AUTOS = YES_AGGRESSIVE;
				GCC_WARN_UNUSED_FUNCTION = YES;
				GCC_WARN_UNUSED_VARIABLE = YES;
				IPHONEOS_DEPLOYMENT_TARGET = 9.3;
				MTL_ENABLE_DEBUG_INFO = NO;
				SDKROOT = iphoneos;
				TARGETED_DEVICE_FAMILY = "1,2";
				VALIDATE_PRODUCT = YES;
			};
			name = Release;
		};
		8AC943A91D01D41200791FC8 /* Debug */ = {
			isa = XCBuildConfiguration;
			baseConfigurationReference = E08A4996CE3C1AE935EAEC56 /* Pods-IdapChat.debug.xcconfig */;
			buildSettings = {
				ASSETCATALOG_COMPILER_APPICON_NAME = AppIcon;
				INFOPLIST_FILE = IdapChat/Info.plist;
				IPHONEOS_DEPLOYMENT_TARGET = 8.0;
				LD_RUNPATH_SEARCH_PATHS = "$(inherited) @executable_path/Frameworks";
				PRODUCT_BUNDLE_IDENTIFIER = com.idapgroup.IdapChat;
				PRODUCT_NAME = "$(TARGET_NAME)";
			};
			name = Debug;
		};
		8AC943AA1D01D41200791FC8 /* Release */ = {
			isa = XCBuildConfiguration;
			baseConfigurationReference = E9072D4F905E768211F92B75 /* Pods-IdapChat.release.xcconfig */;
			buildSettings = {
				ASSETCATALOG_COMPILER_APPICON_NAME = AppIcon;
				INFOPLIST_FILE = IdapChat/Info.plist;
				IPHONEOS_DEPLOYMENT_TARGET = 8.0;
				LD_RUNPATH_SEARCH_PATHS = "$(inherited) @executable_path/Frameworks";
				PRODUCT_BUNDLE_IDENTIFIER = com.idapgroup.IdapChat;
				PRODUCT_NAME = "$(TARGET_NAME)";
			};
			name = Release;
		};
/* End XCBuildConfiguration section */

/* Begin XCConfigurationList section */
		8AC9438C1D01D41200791FC8 /* Build configuration list for PBXProject "IdapChat" */ = {
			isa = XCConfigurationList;
			buildConfigurations = (
				8AC943A61D01D41200791FC8 /* Debug */,
				8AC943A71D01D41200791FC8 /* Release */,
			);
			defaultConfigurationIsVisible = 0;
			defaultConfigurationName = Release;
		};
		8AC943A81D01D41200791FC8 /* Build configuration list for PBXNativeTarget "IdapChat" */ = {
			isa = XCConfigurationList;
			buildConfigurations = (
				8AC943A91D01D41200791FC8 /* Debug */,
				8AC943AA1D01D41200791FC8 /* Release */,
			);
			defaultConfigurationIsVisible = 0;
			defaultConfigurationName = Release;
		};
/* End XCConfigurationList section */
	};
	rootObject = 8AC943891D01D41200791FC8 /* Project object */;
}
